
Microsoft Visual Studio Solution File, Format Version 12.00
# Visual Studio Version 16
VisualStudioVersion = 16.0.29911.84
MinimumVisualStudioVersion = 10.0.40219.1
Project("{FAE04EC0-301F-11D3-BF4B-00C04F79EFBC}") = "BorodaTutorials.CLI", "BorodaTutorials.CLI\BorodaTutorials.CLI.csproj", "{C393F9B2-B6C1-4AA3-A98F-A76100DB8B82}"
EndProject
Project("{FAE04EC0-301F-11D3-BF4B-00C04F79EFBC}") = "BorodaTutorials.Application", "BorodaTutorials.Application\BorodaTutorials.Application.csproj", "{245F4692-6977-4E5A-BF18-FC9D96F27D0D}"
EndProject
Project("{FAE04EC0-301F-11D3-BF4B-00C04F79EFBC}") = "BorodaTutorials.Tests", "BorodaTutorials.Tests\BorodaTutorials.Tests.csproj", "{791E2DBF-3972-45E6-8027-577346DB77A6}"
EndProject
Project("{FAE04EC0-301F-11D3-BF4B-00C04F79EFBC}") = "BorodaTutorials.DataAccess.FileDb", "BorodaTutorials.DataAccess.FileDb\BorodaTutorials.DataAccess.FileDb.csproj", "{29B2A4C9-B16D-4CB1-96BF-FDFF80294CF3}"
EndProject
Project("{FAE04EC0-301F-11D3-BF4B-00C04F79EFBC}") = "BorodaTutorials.Core", "BorodaTutorials.Core\BorodaTutorials.Core.csproj", "{141735C2-F2B9-4E6F-9DE7-CDCB64CB123A}"
EndProject
Global
	GlobalSection(SolutionConfigurationPlatforms) = preSolution
		Debug|Any CPU = Debug|Any CPU
		Release|Any CPU = Release|Any CPU
	EndGlobalSection
	GlobalSection(ProjectConfigurationPlatforms) = postSolution
		{C393F9B2-B6C1-4AA3-A98F-A76100DB8B82}.Debug|Any CPU.ActiveCfg = Debug|Any CPU
		{C393F9B2-B6C1-4AA3-A98F-A76100DB8B82}.Debug|Any CPU.Build.0 = Debug|Any CPU
		{C393F9B2-B6C1-4AA3-A98F-A76100DB8B82}.Release|Any CPU.ActiveCfg = Release|Any CPU
		{C393F9B2-B6C1-4AA3-A98F-A76100DB8B82}.Release|Any CPU.Build.0 = Release|Any CPU
		{245F4692-6977-4E5A-BF18-FC9D96F27D0D}.Debug|Any CPU.ActiveCfg = Debug|Any CPU
		{245F4692-6977-4E5A-BF18-FC9D96F27D0D}.Debug|Any CPU.Build.0 = Debug|Any CPU
		{245F4692-6977-4E5A-BF18-FC9D96F27D0D}.Release|Any CPU.ActiveCfg = Release|Any CPU
		{245F4692-6977-4E5A-BF18-FC9D96F27D0D}.Release|Any CPU.Build.0 = Release|Any CPU
		{791E2DBF-3972-45E6-8027-577346DB77A6}.Debug|Any CPU.ActiveCfg = Debug|Any CPU
		{791E2DBF-3972-45E6-8027-577346DB77A6}.Debug|Any CPU.Build.0 = Debug|Any CPU
		{791E2DBF-3972-45E6-8027-577346DB77A6}.Release|Any CPU.ActiveCfg = Release|Any CPU
		{791E2DBF-3972-45E6-8027-577346DB77A6}.Release|Any CPU.Build.0 = Release|Any CPU
		{29B2A4C9-B16D-4CB1-96BF-FDFF80294CF3}.Debug|Any CPU.ActiveCfg = Debug|Any CPU
		{29B2A4C9-B16D-4CB1-96BF-FDFF80294CF3}.Debug|Any CPU.Build.0 = Debug|Any CPU
		{29B2A4C9-B16D-4CB1-96BF-FDFF80294CF3}.Release|Any CPU.ActiveCfg = Release|Any CPU
		{29B2A4C9-B16D-4CB1-96BF-FDFF80294CF3}.Release|Any CPU.Build.0 = Release|Any CPU
		{141735C2-F2B9-4E6F-9DE7-CDCB64CB123A}.Debug|Any CPU.ActiveCfg = Debug|Any CPU
		{141735C2-F2B9-4E6F-9DE7-CDCB64CB123A}.Debug|Any CPU.Build.0 = Debug|Any CPU
		{141735C2-F2B9-4E6F-9DE7-CDCB64CB123A}.Release|Any CPU.ActiveCfg = Release|Any CPU
		{141735C2-F2B9-4E6F-9DE7-CDCB64CB123A}.Release|Any CPU.Build.0 = Release|Any CPU
	EndGlobalSection
	GlobalSection(SolutionProperties) = preSolution
		HideSolutionNode = FALSE
	EndGlobalSection
	GlobalSection(ExtensibilityGlobals) = postSolution
		SolutionGuid = {A3C7167B-E645-4FE4-B453-F003497867EE}
	EndGlobalSection
EndGlobal
